
Microsoft Visual Studio Solution File, Format Version 12.00
# Visual Studio 15
VisualStudioVersion = 15.0.26124.0
MinimumVisualStudioVersion = 15.0.26124.0
Project("{FAE04EC0-301F-11D3-BF4B-00C04F79EFBC}") = "Order", "Order\Order.csproj", "{2CAD6677-1EA8-4F2C-B6D0-6C68318AA12E}"
EndProject
Project("{FAE04EC0-301F-11D3-BF4B-00C04F79EFBC}") = "Payment", "Payment\Payment.csproj", "{2D72E645-9B3A-4866-8BE7-D1814BAAA721}"
EndProject
Project("{FAE04EC0-301F-11D3-BF4B-00C04F79EFBC}") = "ApiGateway", "ApiGateway\ApiGateway.csproj", "{F0D323C5-422A-49B9-99CC-69B3F089E3A8}"
EndProject
Project("{FAE04EC0-301F-11D3-BF4B-00C04F79EFBC}") = "RabbitMq", "RabbitMq\RabbitMq.csproj", "{34B9E04B-22E5-449F-A4A0-C86AA763139F}"
EndProject
Global
	GlobalSection(SolutionConfigurationPlatforms) = preSolution
		Debug|Any CPU = Debug|Any CPU
		Debug|x64 = Debug|x64
		Debug|x86 = Debug|x86
		Release|Any CPU = Release|Any CPU
		Release|x64 = Release|x64
		Release|x86 = Release|x86
	EndGlobalSection
	GlobalSection(SolutionProperties) = preSolution
		HideSolutionNode = FALSE
	EndGlobalSection
	GlobalSection(ProjectConfigurationPlatforms) = postSolution
		{2CAD6677-1EA8-4F2C-B6D0-6C68318AA12E}.Debug|Any CPU.ActiveCfg = Debug|Any CPU
		{2CAD6677-1EA8-4F2C-B6D0-6C68318AA12E}.Debug|Any CPU.Build.0 = Debug|Any CPU
		{2CAD6677-1EA8-4F2C-B6D0-6C68318AA12E}.Debug|x64.ActiveCfg = Debug|Any CPU
		{2CAD6677-1EA8-4F2C-B6D0-6C68318AA12E}.Debug|x64.Build.0 = Debug|Any CPU
		{2CAD6677-1EA8-4F2C-B6D0-6C68318AA12E}.Debug|x86.ActiveCfg = Debug|Any CPU
		{2CAD6677-1EA8-4F2C-B6D0-6C68318AA12E}.Debug|x86.Build.0 = Debug|Any CPU
		{2CAD6677-1EA8-4F2C-B6D0-6C68318AA12E}.Release|Any CPU.ActiveCfg = Release|Any CPU
		{2CAD6677-1EA8-4F2C-B6D0-6C68318AA12E}.Release|Any CPU.Build.0 = Release|Any CPU
		{2CAD6677-1EA8-4F2C-B6D0-6C68318AA12E}.Release|x64.ActiveCfg = Release|Any CPU
		{2CAD6677-1EA8-4F2C-B6D0-6C68318AA12E}.Release|x64.Build.0 = Release|Any CPU
		{2CAD6677-1EA8-4F2C-B6D0-6C68318AA12E}.Release|x86.ActiveCfg = Release|Any CPU
		{2CAD6677-1EA8-4F2C-B6D0-6C68318AA12E}.Release|x86.Build.0 = Release|Any CPU
		{2D72E645-9B3A-4866-8BE7-D1814BAAA721}.Debug|Any CPU.ActiveCfg = Debug|Any CPU
		{2D72E645-9B3A-4866-8BE7-D1814BAAA721}.Debug|Any CPU.Build.0 = Debug|Any CPU
		{2D72E645-9B3A-4866-8BE7-D1814BAAA721}.Debug|x64.ActiveCfg = Debug|Any CPU
		{2D72E645-9B3A-4866-8BE7-D1814BAAA721}.Debug|x64.Build.0 = Debug|Any CPU
		{2D72E645-9B3A-4866-8BE7-D1814BAAA721}.Debug|x86.ActiveCfg = Debug|Any CPU
		{2D72E645-9B3A-4866-8BE7-D1814BAAA721}.Debug|x86.Build.0 = Debug|Any CPU
		{2D72E645-9B3A-4866-8BE7-D1814BAAA721}.Release|Any CPU.ActiveCfg = Release|Any CPU
		{2D72E645-9B3A-4866-8BE7-D1814BAAA721}.Release|Any CPU.Build.0 = Release|Any CPU
		{2D72E645-9B3A-4866-8BE7-D1814BAAA721}.Release|x64.ActiveCfg = Release|Any CPU
		{2D72E645-9B3A-4866-8BE7-D1814BAAA721}.Release|x64.Build.0 = Release|Any CPU
		{2D72E645-9B3A-4866-8BE7-D1814BAAA721}.Release|x86.ActiveCfg = Release|Any CPU
		{2D72E645-9B3A-4866-8BE7-D1814BAAA721}.Release|x86.Build.0 = Release|Any CPU
		{F0D323C5-422A-49B9-99CC-69B3F089E3A8}.Debug|Any CPU.ActiveCfg = Debug|Any CPU
		{F0D323C5-422A-49B9-99CC-69B3F089E3A8}.Debug|Any CPU.Build.0 = Debug|Any CPU
		{F0D323C5-422A-49B9-99CC-69B3F089E3A8}.Debug|x64.ActiveCfg = Debug|Any CPU
		{F0D323C5-422A-49B9-99CC-69B3F089E3A8}.Debug|x64.Build.0 = Debug|Any CPU
		{F0D323C5-422A-49B9-99CC-69B3F089E3A8}.Debug|x86.ActiveCfg = Debug|Any CPU
		{F0D323C5-422A-49B9-99CC-69B3F089E3A8}.Debug|x86.Build.0 = Debug|Any CPU
		{F0D323C5-422A-49B9-99CC-69B3F089E3A8}.Release|Any CPU.ActiveCfg = Release|Any CPU
		{F0D323C5-422A-49B9-99CC-69B3F089E3A8}.Release|Any CPU.Build.0 = Release|Any CPU
		{F0D323C5-422A-49B9-99CC-69B3F089E3A8}.Release|x64.ActiveCfg = Release|Any CPU
		{F0D323C5-422A-49B9-99CC-69B3F089E3A8}.Release|x64.Build.0 = Release|Any CPU
		{F0D323C5-422A-49B9-99CC-69B3F089E3A8}.Release|x86.ActiveCfg = Release|Any CPU
		{F0D323C5-422A-49B9-99CC-69B3F089E3A8}.Release|x86.Build.0 = Release|Any CPU
		{34B9E04B-22E5-449F-A4A0-C86AA763139F}.Debug|Any CPU.ActiveCfg = Debug|Any CPU
		{34B9E04B-22E5-449F-A4A0-C86AA763139F}.Debug|Any CPU.Build.0 = Debug|Any CPU
		{34B9E04B-22E5-449F-A4A0-C86AA763139F}.Debug|x64.ActiveCfg = Debug|Any CPU
		{34B9E04B-22E5-449F-A4A0-C86AA763139F}.Debug|x64.Build.0 = Debug|Any CPU
		{34B9E04B-22E5-449F-A4A0-C86AA763139F}.Debug|x86.ActiveCfg = Debug|Any CPU
		{34B9E04B-22E5-449F-A4A0-C86AA763139F}.Debug|x86.Build.0 = Debug|Any CPU
		{34B9E04B-22E5-449F-A4A0-C86AA763139F}.Release|Any CPU.ActiveCfg = Release|Any CPU
		{34B9E04B-22E5-449F-A4A0-C86AA763139F}.Release|Any CPU.Build.0 = Release|Any CPU
		{34B9E04B-22E5-449F-A4A0-C86AA763139F}.Release|x64.ActiveCfg = Release|Any CPU
		{34B9E04B-22E5-449F-A4A0-C86AA763139F}.Release|x64.Build.0 = Release|Any CPU
		{34B9E04B-22E5-449F-A4A0-C86AA763139F}.Release|x86.ActiveCfg = Release|Any CPU
		{34B9E04B-22E5-449F-A4A0-C86AA763139F}.Release|x86.Build.0 = Release|Any CPU
	EndGlobalSection
EndGlobal
